
Microsoft Visual Studio Solution File, Format Version 12.00
# Visual Studio Version 16
VisualStudioVersion = 16.0.29009.5
MinimumVisualStudioVersion = 10.0.40219.1
Project("{9A19103F-16F7-4668-BE54-9A1E7A4F7556}") = "SlimGet", "src\SlimGet\SlimGet.csproj", "{F6A1FF33-E241-4C45-BE9F-C76729A2B7FD}"
EndProject
Project("{2150E333-8FDC-42A3-9474-1A3956D46DE8}") = "src", "src", "{A53ED2F0-B059-473B-9399-B673F37716AA}"
EndProject
Project("{2150E333-8FDC-42A3-9474-1A3956D46DE8}") = "meta", "meta", "{D976F83A-29BC-4713-891C-97E697646464}"
	ProjectSection(SolutionItems) = preProject
		.editorconfig = .editorconfig
		LICENSE.TXT = LICENSE.TXT
		NOTICE.TXT = NOTICE.TXT
		README.MD = README.MD
	EndProjectSection
EndProject
Project("{9A19103F-16F7-4668-BE54-9A1E7A4F7556}") = "SlimGet.Database", "src\SlimGet.Database\SlimGet.Database.csproj", "{C92C12DB-24AB-42C7-B1D7-32BEB2B7085C}"
EndProject
Project("{9A19103F-16F7-4668-BE54-9A1E7A4F7556}") = "SlimGet.AuthenticationTokens", "src\SlimGet.AuthenticationTokens\SlimGet.AuthenticationTokens.csproj", "{C417DFF2-B341-4ABC-B096-D066CE7DDDED}"
EndProject
Project("{FAE04EC0-301F-11D3-BF4B-00C04F79EFBC}") = "SlimGet.PdbParser", "SlimGet.PdbParser\SlimGet.PdbParser.csproj", "{5C92A559-D48C-43DA-BE42-50A46A1E07DA}"
EndProject
Global
	GlobalSection(SolutionConfigurationPlatforms) = preSolution
		Debug|Any CPU = Debug|Any CPU
		Release|Any CPU = Release|Any CPU
	EndGlobalSection
	GlobalSection(ProjectConfigurationPlatforms) = postSolution
		{F6A1FF33-E241-4C45-BE9F-C76729A2B7FD}.Debug|Any CPU.ActiveCfg = Debug|Any CPU
		{F6A1FF33-E241-4C45-BE9F-C76729A2B7FD}.Debug|Any CPU.Build.0 = Debug|Any CPU
		{F6A1FF33-E241-4C45-BE9F-C76729A2B7FD}.Release|Any CPU.ActiveCfg = Release|Any CPU
		{F6A1FF33-E241-4C45-BE9F-C76729A2B7FD}.Release|Any CPU.Build.0 = Release|Any CPU
		{C92C12DB-24AB-42C7-B1D7-32BEB2B7085C}.Debug|Any CPU.ActiveCfg = Debug|Any CPU
		{C92C12DB-24AB-42C7-B1D7-32BEB2B7085C}.Debug|Any CPU.Build.0 = Debug|Any CPU
		{C92C12DB-24AB-42C7-B1D7-32BEB2B7085C}.Release|Any CPU.ActiveCfg = Release|Any CPU
		{C92C12DB-24AB-42C7-B1D7-32BEB2B7085C}.Release|Any CPU.Build.0 = Release|Any CPU
		{C417DFF2-B341-4ABC-B096-D066CE7DDDED}.Debug|Any CPU.ActiveCfg = Debug|Any CPU
		{C417DFF2-B341-4ABC-B096-D066CE7DDDED}.Debug|Any CPU.Build.0 = Debug|Any CPU
		{C417DFF2-B341-4ABC-B096-D066CE7DDDED}.Release|Any CPU.ActiveCfg = Release|Any CPU
		{C417DFF2-B341-4ABC-B096-D066CE7DDDED}.Release|Any CPU.Build.0 = Release|Any CPU
		{5C92A559-D48C-43DA-BE42-50A46A1E07DA}.Debug|Any CPU.ActiveCfg = Debug|Any CPU
		{5C92A559-D48C-43DA-BE42-50A46A1E07DA}.Debug|Any CPU.Build.0 = Debug|Any CPU
		{5C92A559-D48C-43DA-BE42-50A46A1E07DA}.Release|Any CPU.ActiveCfg = Release|Any CPU
		{5C92A559-D48C-43DA-BE42-50A46A1E07DA}.Release|Any CPU.Build.0 = Release|Any CPU
	EndGlobalSection
	GlobalSection(SolutionProperties) = preSolution
		HideSolutionNode = FALSE
	EndGlobalSection
	GlobalSection(NestedProjects) = preSolution
		{F6A1FF33-E241-4C45-BE9F-C76729A2B7FD} = {A53ED2F0-B059-473B-9399-B673F37716AA}
		{C92C12DB-24AB-42C7-B1D7-32BEB2B7085C} = {A53ED2F0-B059-473B-9399-B673F37716AA}
		{C417DFF2-B341-4ABC-B096-D066CE7DDDED} = {A53ED2F0-B059-473B-9399-B673F37716AA}
		{5C92A559-D48C-43DA-BE42-50A46A1E07DA} = {A53ED2F0-B059-473B-9399-B673F37716AA}
	EndGlobalSection
	GlobalSection(ExtensibilityGlobals) = postSolution
		SolutionGuid = {E6B73761-3D26-4D42-BB4A-B02D57B5A6AB}
	EndGlobalSection
EndGlobal
